// !$*UTF8*$!
{
	archiveVersion = 1;
	classes = {
	};
	objectVersion = 48;
	objects = {

/* Begin PBXBuildFile section */
		482176B520052B1F002F9AFA /* AppDelegate.m in Sources */ = {isa = PBXBuildFile; fileRef = 482176B420052B1F002F9AFA /* AppDelegate.m */; };
		482176B820052B1F002F9AFA /* MasterViewController.m in Sources */ = {isa = PBXBuildFile; fileRef = 482176B720052B1F002F9AFA /* MasterViewController.m */; };
		482176BB20052B20002F9AFA /* DetailViewController.m in Sources */ = {isa = PBXBuildFile; fileRef = 482176BA20052B20002F9AFA /* DetailViewController.m */; };
		482176BE20052B20002F9AFA /* Main.storyboard in Resources */ = {isa = PBXBuildFile; fileRef = 482176BC20052B20002F9AFA /* Main.storyboard */; };
		482176C020052B20002F9AFA /* Assets.xcassets in Resources */ = {isa = PBXBuildFile; fileRef = 482176BF20052B20002F9AFA /* Assets.xcassets */; };
		482176C320052B20002F9AFA /* LaunchScreen.storyboard in Resources */ = {isa = PBXBuildFile; fileRef = 482176C120052B20002F9AFA /* LaunchScreen.storyboard */; };
		482176C620052B20002F9AFA /* main.m in Sources */ = {isa = PBXBuildFile; fileRef = 482176C520052B20002F9AFA /* main.m */; };
		48CFAD7620052E7A002096AE /* MathChallangesRegistry.m in Sources */ = {isa = PBXBuildFile; fileRef = 48CFAD7520052E7A002096AE /* MathChallangesRegistry.m */; };
		48CFAD7C20052FA6002096AE /* Challange.m in Sources */ = {isa = PBXBuildFile; fileRef = 48CFAD7B20052FA6002096AE /* Challange.m */; };
		48CFAD832005545A002096AE /* OneNumberMultiplication.m in Sources */ = {isa = PBXBuildFile; fileRef = 48CFAD822005545A002096AE /* OneNumberMultiplication.m */; };
		48CFAD86200555A9002096AE /* Multiplication.m in Sources */ = {isa = PBXBuildFile; fileRef = 48CFAD85200555A9002096AE /* Multiplication.m */; };
		48CFAD8920055760002096AE /* Addition.m in Sources */ = {isa = PBXBuildFile; fileRef = 48CFAD8820055760002096AE /* Addition.m */; };
		48CFAD8C2005598B002096AE /* Subtraction.m in Sources */ = {isa = PBXBuildFile; fileRef = 48CFAD8B2005598B002096AE /* Subtraction.m */; };
		48CFAD8F20055A7F002096AE /* SPHAIR.m in Sources */ = {isa = PBXBuildFile; fileRef = 48CFAD8E20055A7F002096AE /* SPHAIR.m */; };
		48CFAD922005601F002096AE /* Squares.m in Sources */ = {isa = PBXBuildFile; fileRef = 48CFAD912005601F002096AE /* Squares.m */; };
		48CFAD9520056199002096AE /* Division.m in Sources */ = {isa = PBXBuildFile; fileRef = 48CFAD9420056199002096AE /* Division.m */; };
/* End PBXBuildFile section */

/* Begin PBXFileReference section */
		482176B020052B1F002F9AFA /* Math challenge.app */ = {isa = PBXFileReference; explicitFileType = wrapper.application; includeInIndex = 0; path = "Math challenge.app"; sourceTree = BUILT_PRODUCTS_DIR; };
		482176B320052B1F002F9AFA /* AppDelegate.h */ = {isa = PBXFileReference; lastKnownFileType = sourcecode.c.h; path = AppDelegate.h; sourceTree = "<group>"; };
		482176B420052B1F002F9AFA /* AppDelegate.m */ = {isa = PBXFileReference; lastKnownFileType = sourcecode.c.objc; path = AppDelegate.m; sourceTree = "<group>"; };
		482176B620052B1F002F9AFA /* MasterViewController.h */ = {isa = PBXFileReference; lastKnownFileType = sourcecode.c.h; path = MasterViewController.h; sourceTree = "<group>"; };
		482176B720052B1F002F9AFA /* MasterViewController.m */ = {isa = PBXFileReference; lastKnownFileType = sourcecode.c.objc; path = MasterViewController.m; sourceTree = "<group>"; };
		482176B920052B20002F9AFA /* DetailViewController.h */ = {isa = PBXFileReference; lastKnownFileType = sourcecode.c.h; path = DetailViewController.h; sourceTree = "<group>"; };
		482176BA20052B20002F9AFA /* DetailViewController.m */ = {isa = PBXFileReference; lastKnownFileType = sourcecode.c.objc; path = DetailViewController.m; sourceTree = "<group>"; };
		482176BD20052B20002F9AFA /* Base */ = {isa = PBXFileReference; lastKnownFileType = file.storyboard; name = Base; path = Base.lproj/Main.storyboard; sourceTree = "<group>"; };
		482176BF20052B20002F9AFA /* Assets.xcassets */ = {isa = PBXFileReference; lastKnownFileType = folder.assetcatalog; path = Assets.xcassets; sourceTree = "<group>"; };
		482176C220052B20002F9AFA /* Base */ = {isa = PBXFileReference; lastKnownFileType = file.storyboard; name = Base; path = Base.lproj/LaunchScreen.storyboard; sourceTree = "<group>"; };
		482176C420052B20002F9AFA /* Info.plist */ = {isa = PBXFileReference; lastKnownFileType = text.plist.xml; path = Info.plist; sourceTree = "<group>"; };
		482176C520052B20002F9AFA /* main.m */ = {isa = PBXFileReference; lastKnownFileType = sourcecode.c.objc; path = main.m; sourceTree = "<group>"; };
		48CFAD7320052E36002096AE /* MathChallange.h */ = {isa = PBXFileReference; lastKnownFileType = sourcecode.c.h; path = MathChallange.h; sourceTree = "<group>"; };
		48CFAD7420052E7A002096AE /* MathChallangesRegistry.h */ = {isa = PBXFileReference; lastKnownFileType = sourcecode.c.h; path = MathChallangesRegistry.h; sourceTree = "<group>"; };
		48CFAD7520052E7A002096AE /* MathChallangesRegistry.m */ = {isa = PBXFileReference; lastKnownFileType = sourcecode.c.objc; path = MathChallangesRegistry.m; sourceTree = "<group>"; };
		48CFAD7A20052FA6002096AE /* Challange.h */ = {isa = PBXFileReference; lastKnownFileType = sourcecode.c.h; path = Challange.h; sourceTree = "<group>"; };
		48CFAD7B20052FA6002096AE /* Challange.m */ = {isa = PBXFileReference; lastKnownFileType = sourcecode.c.objc; path = Challange.m; sourceTree = "<group>"; };
		48CFAD812005545A002096AE /* OneNumberMultiplication.h */ = {isa = PBXFileReference; lastKnownFileType = sourcecode.c.h; path = OneNumberMultiplication.h; sourceTree = "<group>"; };
		48CFAD822005545A002096AE /* OneNumberMultiplication.m */ = {isa = PBXFileReference; lastKnownFileType = sourcecode.c.objc; path = OneNumberMultiplication.m; sourceTree = "<group>"; };
		48CFAD84200555A9002096AE /* Multiplication.h */ = {isa = PBXFileReference; lastKnownFileType = sourcecode.c.h; path = Multiplication.h; sourceTree = "<group>"; };
		48CFAD85200555A9002096AE /* Multiplication.m */ = {isa = PBXFileReference; lastKnownFileType = sourcecode.c.objc; path = Multiplication.m; sourceTree = "<group>"; };
		48CFAD8720055760002096AE /* Addition.h */ = {isa = PBXFileReference; lastKnownFileType = sourcecode.c.h; path = Addition.h; sourceTree = "<group>"; };
		48CFAD8820055760002096AE /* Addition.m */ = {isa = PBXFileReference; lastKnownFileType = sourcecode.c.objc; path = Addition.m; sourceTree = "<group>"; };
		48CFAD8A2005598B002096AE /* Subtraction.h */ = {isa = PBXFileReference; lastKnownFileType = sourcecode.c.h; path = Subtraction.h; sourceTree = "<group>"; };
		48CFAD8B2005598B002096AE /* Subtraction.m */ = {isa = PBXFileReference; lastKnownFileType = sourcecode.c.objc; path = Subtraction.m; sourceTree = "<group>"; };
		48CFAD8D20055A7F002096AE /* SPHAIR.h */ = {isa = PBXFileReference; lastKnownFileType = sourcecode.c.h; path = SPHAIR.h; sourceTree = "<group>"; };
		48CFAD8E20055A7F002096AE /* SPHAIR.m */ = {isa = PBXFileReference; lastKnownFileType = sourcecode.c.objc; path = SPHAIR.m; sourceTree = "<group>"; };
		48CFAD902005601F002096AE /* Squares.h */ = {isa = PBXFileReference; lastKnownFileType = sourcecode.c.h; path = Squares.h; sourceTree = "<group>"; };
		48CFAD912005601F002096AE /* Squares.m */ = {isa = PBXFileReference; lastKnownFileType = sourcecode.c.objc; path = Squares.m; sourceTree = "<group>"; };
		48CFAD9320056199002096AE /* Division.h */ = {isa = PBXFileReference; lastKnownFileType = sourcecode.c.h; path = Division.h; sourceTree = "<group>"; };
		48CFAD9420056199002096AE /* Division.m */ = {isa = PBXFileReference; lastKnownFileType = sourcecode.c.objc; path = Division.m; sourceTree = "<group>"; };
/* End PBXFileReference section */

/* Begin PBXFrameworksBuildPhase section */
		482176AD20052B1F002F9AFA /* Frameworks */ = {
			isa = PBXFrameworksBuildPhase;
			buildActionMask = 2147483647;
			files = (
			);
			runOnlyForDeploymentPostprocessing = 0;
		};
/* End PBXFrameworksBuildPhase section */

/* Begin PBXGroup section */
		482176A720052B1F002F9AFA = {
			isa = PBXGroup;
			children = (
				482176B220052B1F002F9AFA /* Math challenge */,
				482176B120052B1F002F9AFA /* Products */,
			);
			sourceTree = "<group>";
		};
		482176B120052B1F002F9AFA /* Products */ = {
			isa = PBXGroup;
			children = (
				482176B020052B1F002F9AFA /* Math challenge.app */,
			);
			name = Products;
			sourceTree = "<group>";
		};
		482176B220052B1F002F9AFA /* Math challenge */ = {
			isa = PBXGroup;
			children = (
				482176B320052B1F002F9AFA /* AppDelegate.h */,
				482176B420052B1F002F9AFA /* AppDelegate.m */,
				482176B620052B1F002F9AFA /* MasterViewController.h */,
				482176B720052B1F002F9AFA /* MasterViewController.m */,
				482176B920052B20002F9AFA /* DetailViewController.h */,
				482176BA20052B20002F9AFA /* DetailViewController.m */,
				482176BC20052B20002F9AFA /* Main.storyboard */,
				482176BF20052B20002F9AFA /* Assets.xcassets */,
				482176C120052B20002F9AFA /* LaunchScreen.storyboard */,
				482176C420052B20002F9AFA /* Info.plist */,
				482176C520052B20002F9AFA /* main.m */,
				48CFAD7320052E36002096AE /* MathChallange.h */,
				48CFAD7A20052FA6002096AE /* Challange.h */,
				48CFAD7B20052FA6002096AE /* Challange.m */,
				48CFAD7420052E7A002096AE /* MathChallangesRegistry.h */,
				48CFAD7520052E7A002096AE /* MathChallangesRegistry.m */,
				48CFAD7D200553B2002096AE /* Challanges */,
			);
			path = "Math challenge";
			sourceTree = "<group>";
		};
		48CFAD7D200553B2002096AE /* Challanges */ = {
			isa = PBXGroup;
			children = (
				48CFAD812005545A002096AE /* OneNumberMultiplication.h */,
				48CFAD822005545A002096AE /* OneNumberMultiplication.m */,
				48CFAD84200555A9002096AE /* Multiplication.h */,
				48CFAD85200555A9002096AE /* Multiplication.m */,
				48CFAD9320056199002096AE /* Division.h */,
				48CFAD9420056199002096AE /* Division.m */,
				48CFAD8720055760002096AE /* Addition.h */,
				48CFAD8820055760002096AE /* Addition.m */,
				48CFAD8A2005598B002096AE /* Subtraction.h */,
				48CFAD8B2005598B002096AE /* Subtraction.m */,
				48CFAD8D20055A7F002096AE /* SPHAIR.h */,
				48CFAD8E20055A7F002096AE /* SPHAIR.m */,
				48CFAD902005601F002096AE /* Squares.h */,
				48CFAD912005601F002096AE /* Squares.m */,
			);
			path = Challanges;
			sourceTree = "<group>";
		};
/* End PBXGroup section */

/* Begin PBXNativeTarget section */
		482176AF20052B1F002F9AFA /* Math challenge */ = {
			isa = PBXNativeTarget;
			buildConfigurationList = 482176C920052B20002F9AFA /* Build configuration list for PBXNativeTarget "Math challenge" */;
			buildPhases = (
				482176AC20052B1F002F9AFA /* Sources */,
				482176AD20052B1F002F9AFA /* Frameworks */,
				482176AE20052B1F002F9AFA /* Resources */,
			);
			buildRules = (
			);
			dependencies = (
			);
			name = "Math challenge";
			productName = "Math challenge";
			productReference = 482176B020052B1F002F9AFA /* Math challenge.app */;
			productType = "com.apple.product-type.application";
		};
/* End PBXNativeTarget section */

/* Begin PBXProject section */
		482176A820052B1F002F9AFA /* Project object */ = {
			isa = PBXProject;
			attributes = {
				LastUpgradeCheck = 1020;
				ORGANIZATIONNAME = "Lukas Bischof";
				TargetAttributes = {
					482176AF20052B1F002F9AFA = {
						CreatedOnToolsVersion = 9.1;
						ProvisioningStyle = Automatic;
					};
				};
			};
			buildConfigurationList = 482176AB20052B1F002F9AFA /* Build configuration list for PBXProject "Math challenge" */;
			compatibilityVersion = "Xcode 8.0";
			developmentRegion = en;
			hasScannedForEncodings = 0;
			knownRegions = (
				en,
				Base,
			);
			mainGroup = 482176A720052B1F002F9AFA;
			productRefGroup = 482176B120052B1F002F9AFA /* Products */;
			projectDirPath = "";
			projectRoot = "";
			targets = (
				482176AF20052B1F002F9AFA /* Math challenge */,
			);
		};
/* End PBXProject section */

/* Begin PBXResourcesBuildPhase section */
		482176AE20052B1F002F9AFA /* Resources */ = {
			isa = PBXResourcesBuildPhase;
			buildActionMask = 2147483647;
			files = (
				482176C320052B20002F9AFA /* LaunchScreen.storyboard in Resources */,
				482176C020052B20002F9AFA /* Assets.xcassets in Resources */,
				482176BE20052B20002F9AFA /* Main.storyboard in Resources */,
			);
			runOnlyForDeploymentPostprocessing = 0;
		};
/* End PBXResourcesBuildPhase section */

/* Begin PBXSourcesBuildPhase section */
		482176AC20052B1F002F9AFA /* Sources */ = {
			isa = PBXSourcesBuildPhase;
			buildActionMask = 2147483647;
			files = (
				482176B820052B1F002F9AFA /* MasterViewController.m in Sources */,
				48CFAD86200555A9002096AE /* Multiplication.m in Sources */,
				48CFAD832005545A002096AE /* OneNumberMultiplication.m in Sources */,
				482176B520052B1F002F9AFA /* AppDelegate.m in Sources */,
				48CFAD7C20052FA6002096AE /* Challange.m in Sources */,
				48CFAD9520056199002096AE /* Division.m in Sources */,
				48CFAD7620052E7A002096AE /* MathChallangesRegistry.m in Sources */,
				48CFAD8F20055A7F002096AE /* SPHAIR.m in Sources */,
				48CFAD8C2005598B002096AE /* Subtraction.m in Sources */,
				48CFAD922005601F002096AE /* Squares.m in Sources */,
				482176C620052B20002F9AFA /* main.m in Sources */,
				482176BB20052B20002F9AFA /* DetailViewController.m in Sources */,
				48CFAD8920055760002096AE /* Addition.m in Sources */,
			);
			runOnlyForDeploymentPostprocessing = 0;
		};
/* End PBXSourcesBuildPhase section */

/* Begin PBXVariantGroup section */
		482176BC20052B20002F9AFA /* Main.storyboard */ = {
			isa = PBXVariantGroup;
			children = (
				482176BD20052B20002F9AFA /* Base */,
			);
			name = Main.storyboard;
			sourceTree = "<group>";
		};
		482176C120052B20002F9AFA /* LaunchScreen.storyboard */ = {
			isa = PBXVariantGroup;
			children = (
				482176C220052B20002F9AFA /* Base */,
			);
			name = LaunchScreen.storyboard;
			sourceTree = "<group>";
		};
/* End PBXVariantGroup section */

/* Begin XCBuildConfiguration section */
		482176C720052B20002F9AFA /* Debug */ = {
			isa = XCBuildConfiguration;
			buildSettings = {
				ALWAYS_SEARCH_USER_PATHS = NO;
				CLANG_ANALYZER_NONNULL = YES;
				CLANG_ANALYZER_NUMBER_OBJECT_CONVERSION = YES_AGGRESSIVE;
				CLANG_CXX_LANGUAGE_STANDARD = "gnu++14";
				CLANG_CXX_LIBRARY = "libc++";
				CLANG_ENABLE_MODULES = YES;
				CLANG_ENABLE_OBJC_ARC = YES;
				CLANG_WARN_BLOCK_CAPTURE_AUTORELEASING = YES;
				CLANG_WARN_BOOL_CONVERSION = YES;
				CLANG_WARN_COMMA = YES;
				CLANG_WARN_CONSTANT_CONVERSION = YES;
				CLANG_WARN_DEPRECATED_OBJC_IMPLEMENTATIONS = YES;
				CLANG_WARN_DIRECT_OBJC_ISA_USAGE = YES_ERROR;
				CLANG_WARN_DOCUMENTATION_COMMENTS = YES;
				CLANG_WARN_EMPTY_BODY = YES;
				CLANG_WARN_ENUM_CONVERSION = YES;
				CLANG_WARN_INFINITE_RECURSION = YES;
				CLANG_WARN_INT_CONVERSION = YES;
				CLANG_WARN_NON_LITERAL_NULL_CONVERSION = YES;
				CLANG_WARN_OBJC_IMPLICIT_RETAIN_SELF = YES;
				CLANG_WARN_OBJC_LITERAL_CONVERSION = YES;
				CLANG_WARN_OBJC_ROOT_CLASS = YES_ERROR;
				CLANG_WARN_RANGE_LOOP_ANALYSIS = YES;
				CLANG_WARN_STRICT_PROTOTYPES = YES;
				CLANG_WARN_SUSPICIOUS_MOVE = YES;
				CLANG_WARN_UNGUARDED_AVAILABILITY = YES_AGGRESSIVE;
				CLANG_WARN_UNREACHABLE_CODE = YES;
				CLANG_WARN__DUPLICATE_METHOD_MATCH = YES;
				CODE_SIGN_IDENTITY = "iPhone Developer";
				COPY_PHASE_STRIP = NO;
				DEBUG_INFORMATION_FORMAT = dwarf;
				ENABLE_STRICT_OBJC_MSGSEND = YES;
				ENABLE_TESTABILITY = YES;
				GCC_C_LANGUAGE_STANDARD = gnu11;
				GCC_DYNAMIC_NO_PIC = NO;
				GCC_NO_COMMON_BLOCKS = YES;
				GCC_OPTIMIZATION_LEVEL = 0;
				GCC_PREPROCESSOR_DEFINITIONS = (
					"DEBUG=1",
					"$(inherited)",
				);
				GCC_WARN_64_TO_32_BIT_CONVERSION = YES;
				GCC_WARN_ABOUT_RETURN_TYPE = YES_ERROR;
				GCC_WARN_UNDECLARED_SELECTOR = YES;
				GCC_WARN_UNINITIALIZED_AUTOS = YES_AGGRESSIVE;
				GCC_WARN_UNUSED_FUNCTION = YES;
				GCC_WARN_UNUSED_VARIABLE = YES;
				IPHONEOS_DEPLOYMENT_TARGET = 11.1;
				MTL_ENABLE_DEBUG_INFO = YES;
				ONLY_ACTIVE_ARCH = YES;
				SDKROOT = iphoneos;
			};
			name = Debug;
		};
		482176C820052B20002F9AFA /* Release */ = {
			isa = XCBuildConfiguration;
			buildSettings = {
				ALWAYS_SEARCH_USER_PATHS = NO;
				CLANG_ANALYZER_NONNULL = YES;
				CLANG_ANALYZER_NUMBER_OBJECT_CONVERSION = YES_AGGRESSIVE;
				CLANG_CXX_LANGUAGE_STANDARD = "gnu++14";
				CLANG_CXX_LIBRARY = "libc++";
				CLANG_ENABLE_MODULES = YES;
				CLANG_ENABLE_OBJC_ARC = YES;
				CLANG_WARN_BLOCK_CAPTURE_AUTORELEASING = YES;
				CLANG_WARN_BOOL_CONVERSION = YES;
				CLANG_WARN_COMMA = YES;
				CLANG_WARN_CONSTANT_CONVERSION = YES;
				CLANG_WARN_DEPRECATED_OBJC_IMPLEMENTATIONS = YES;
				CLANG_WARN_DIRECT_OBJC_ISA_USAGE = YES_ERROR;
				CLANG_WARN_DOCUMENTATION_COMMENTS = YES;
				CLANG_WARN_EMPTY_BODY = YES;
				CLANG_WARN_ENUM_CONVERSION = YES;
				CLANG_WARN_INFINITE_RECURSION = YES;
				CLANG_WARN_INT_CONVERSION = YES;
				CLANG_WARN_NON_LITERAL_NULL_CONVERSION = YES;
				CLANG_WARN_OBJC_IMPLICIT_RETAIN_SELF = YES;
				CLANG_WARN_OBJC_LITERAL_CONVERSION = YES;
				CLANG_WARN_OBJC_ROOT_CLASS = YES_ERROR;
				CLANG_WARN_RANGE_LOOP_ANALYSIS = YES;
				CLANG_WARN_STRICT_PROTOTYPES = YES;
				CLANG_WARN_SUSPICIOUS_MOVE = YES;
				CLANG_WARN_UNGUARDED_AVAILABILITY = YES_AGGRESSIVE;
				CLANG_WARN_UNREACHABLE_CODE = YES;
				CLANG_WARN__DUPLICATE_METHOD_MATCH = YES;
				CODE_SIGN_IDENTITY = "iPhone Developer";
				COPY_PHASE_STRIP = NO;
				DEBUG_INFORMATION_FORMAT = "dwarf-with-dsym";
				ENABLE_NS_ASSERTIONS = NO;
				ENABLE_STRICT_OBJC_MSGSEND = YES;
				GCC_C_LANGUAGE_STANDARD = gnu11;
				GCC_NO_COMMON_BLOCKS = YES;
				GCC_WARN_64_TO_32_BIT_CONVERSION = YES;
				GCC_WARN_ABOUT_RETURN_TYPE = YES_ERROR;
				GCC_WARN_UNDECLARED_SELECTOR = YES;
				GCC_WARN_UNINITIALIZED_AUTOS = YES_AGGRESSIVE;
				GCC_WARN_UNUSED_FUNCTION = YES;
				GCC_WARN_UNUSED_VARIABLE = YES;
				IPHONEOS_DEPLOYMENT_TARGET = 11.1;
				MTL_ENABLE_DEBUG_INFO = NO;
				SDKROOT = iphoneos;
				VALIDATE_PRODUCT = YES;
			};
			name = Release;
		};
		482176CA20052B20002F9AFA /* Debug */ = {
			isa = XCBuildConfiguration;
			buildSettings = {
				ASSETCATALOG_COMPILER_APPICON_NAME = AppIcon;
				CODE_SIGN_STYLE = Automatic;
				DEVELOPMENT_TEAM = G4ANT58PJV;
				INFOPLIST_FILE = "Math challenge/Info.plist";
				IPHONEOS_DEPLOYMENT_TARGET = 9.0;
				LD_RUNPATH_SEARCH_PATHS = "$(inherited) @executable_path/Frameworks";
				PRODUCT_BUNDLE_IDENTIFIER = "de.pf-control.aseider.lukas.Math-challenge";
				PRODUCT_NAME = "$(TARGET_NAME)";
				TARGETED_DEVICE_FAMILY = "1,2";
			};
			name = Debug;
		};
		482176CB20052B20002F9AFA /* Release */ = {
			isa = XCBuildConfiguration;
			buildSettings = {
				ASSETCATALOG_COMPILER_APPICON_NAME = AppIcon;
				CODE_SIGN_STYLE = Automatic;
				DEVELOPMENT_TEAM = G4ANT58PJV;
				INFOPLIST_FILE = "Math challenge/Info.plist";
				IPHONEOS_DEPLOYMENT_TARGET = 9.0;
				LD_RUNPATH_SEARCH_PATHS = "$(inherited) @executable_path/Frameworks";
				PRODUCT_BUNDLE_IDENTIFIER = "de.pf-control.aseider.lukas.Math-challenge";
				PRODUCT_NAME = "$(TARGET_NAME)";
				TARGETED_DEVICE_FAMILY = "1,2";
			};
			name = Release;
		};
/* End XCBuildConfiguration section */

/* Begin XCConfigurationList section */
		482176AB20052B1F002F9AFA /* Build configuration list for PBXProject "Math challenge" */ = {
			isa = XCConfigurationList;
			buildConfigurations = (
				482176C720052B20002F9AFA /* Debug */,
				482176C820052B20002F9AFA /* Release */,
			);
			defaultConfigurationIsVisible = 0;
			defaultConfigurationName = Release;
		};
		482176C920052B20002F9AFA /* Build configuration list for PBXNativeTarget "Math challenge" */ = {
			isa = XCConfigurationList;
			buildConfigurations = (
				482176CA20052B20002F9AFA /* Debug */,
				482176CB20052B20002F9AFA /* Release */,
			);
			defaultConfigurationIsVisible = 0;
			defaultConfigurationName = Release;
		};
/* End XCConfigurationList section */
	};
	rootObject = 482176A820052B1F002F9AFA /* Project object */;
}
