// !$*UTF8*$!
{
	archiveVersion = 1;
	classes = {
	};
	objectVersion = 51;
	objects = {

/* Begin PBXBuildFile section */
		628B722EC73EFE1A29D44EA9 /* MultiplicationCategory.swift in Sources */ = {isa = PBXBuildFile; fileRef = 628B791B2F97A6543B65BEB5 /* MultiplicationCategory.swift */; };
		628B7289D71985BE08E584F8 /* DivisionCategory.swift in Sources */ = {isa = PBXBuildFile; fileRef = 628B7DAA309D48831C25427C /* DivisionCategory.swift */; };
		628B72C5FD357501157B0C16 /* CategoryCollectionViewCell.xib in Resources */ = {isa = PBXBuildFile; fileRef = 628B71CA98DE2A7D38C76346 /* CategoryCollectionViewCell.xib */; };
		628B74310B57EDB57F1BEA5C /* MathChallengeCategory.swift in Sources */ = {isa = PBXBuildFile; fileRef = 628B746C5EBC06577C28BD09 /* MathChallengeCategory.swift */; };
		628B755953F2CFC346D132CB /* .editorconfig in Resources */ = {isa = PBXBuildFile; fileRef = 628B715EDE5998363FF59604 /* .editorconfig */; };
		628B7684D275C526D7EC3E3D /* Multiplication.swift in Sources */ = {isa = PBXBuildFile; fileRef = 628B78A2DAF6AA863A31D36F /* Multiplication.swift */; };
		628B779C4F37C7E02B88BD46 /* MathChallengeUITile.swift in Sources */ = {isa = PBXBuildFile; fileRef = 628B71032E9B3557911337E6 /* MathChallengeUITile.swift */; };
		628B787DFCB381A2E641297E /* SquaresCategory.swift in Sources */ = {isa = PBXBuildFile; fileRef = 628B7E0386EC2C614E0135CB /* SquaresCategory.swift */; };
		628B79D8C849585571436F8F /* Division.swift in Sources */ = {isa = PBXBuildFile; fileRef = 628B758FE04B0B237A08CE04 /* Division.swift */; };
		628B7A432596C16056983967 /* Squares.swift in Sources */ = {isa = PBXBuildFile; fileRef = 628B7B27887CE8E0E7697315 /* Squares.swift */; };
		628B7BA76CB2D73326B7BEE9 /* AdditionCategory.swift in Sources */ = {isa = PBXBuildFile; fileRef = 628B718372861E8829E97CC7 /* AdditionCategory.swift */; };
		628B7C27DDF71C525EC14D80 /* CategoryCollectionViewController.swift in Sources */ = {isa = PBXBuildFile; fileRef = 628B7FF2153B9B334CC4BAD6 /* CategoryCollectionViewController.swift */; };
		628B7DA644C529E700C5DD66 /* CategoryCollectionViewCell.swift in Sources */ = {isa = PBXBuildFile; fileRef = 628B786C96681CF04CB40F21 /* CategoryCollectionViewCell.swift */; };
		628B7E656064AAA81A881837 /* IndexPath+section.swift in Sources */ = {isa = PBXBuildFile; fileRef = 628B74406100822ED5432C8F /* IndexPath+section.swift */; };
		628B7E7542A04DC2A97F34E7 /* SPHAIRCategory.swift in Sources */ = {isa = PBXBuildFile; fileRef = 628B7A34EA707AE08B11051E /* SPHAIRCategory.swift */; };
		628B7E999EBF436CF7E14D83 /* Subtraction.swift in Sources */ = {isa = PBXBuildFile; fileRef = 628B75B720296FD733E2D574 /* Subtraction.swift */; };
		628B7EF2B7D168A80D672A54 /* SubtractionCategory.swift in Sources */ = {isa = PBXBuildFile; fileRef = 628B7E699E3A4E0044CA7594 /* SubtractionCategory.swift */; };
		8034B2722363520F00A282CD /* Assets.xcassets in Resources */ = {isa = PBXBuildFile; fileRef = 8034B2712363520F00A282CD /* Assets.xcassets */; };
		8042DE0A236350ED008B1893 /* Main.storyboard in Resources */ = {isa = PBXBuildFile; fileRef = 8042DE08236350ED008B1893 /* Main.storyboard */; };
		8042DE0F236350EE008B1893 /* LaunchScreen.storyboard in Resources */ = {isa = PBXBuildFile; fileRef = 8042DE0D236350EE008B1893 /* LaunchScreen.storyboard */; };
		8042DE1A236350EE008B1893 /* Math_ChallengeTests.swift in Sources */ = {isa = PBXBuildFile; fileRef = 8042DE19236350EE008B1893 /* Math_ChallengeTests.swift */; };
		8042DE25236350EE008B1893 /* Math_ChallengeUITests.swift in Sources */ = {isa = PBXBuildFile; fileRef = 8042DE24236350EE008B1893 /* Math_ChallengeUITests.swift */; };
		8042DE3923635151008B1893 /* CategoryDetailViewController.swift in Sources */ = {isa = PBXBuildFile; fileRef = 8042DE3323635151008B1893 /* CategoryDetailViewController.swift */; };
		8042DE3A23635151008B1893 /* DetailViewController.swift in Sources */ = {isa = PBXBuildFile; fileRef = 8042DE3423635151008B1893 /* DetailViewController.swift */; };
		8042DE3B23635151008B1893 /* AppDelegate.swift in Sources */ = {isa = PBXBuildFile; fileRef = 8042DE3523635151008B1893 /* AppDelegate.swift */; };
		8042DE3C23635151008B1893 /* MathChallengeCategoriesRegistry.swift in Sources */ = {isa = PBXBuildFile; fileRef = 8042DE3623635151008B1893 /* MathChallengeCategoriesRegistry.swift */; };
		8042DE3D23635151008B1893 /* SceneDelegate.swift in Sources */ = {isa = PBXBuildFile; fileRef = 8042DE3723635151008B1893 /* SceneDelegate.swift */; };
		8042DE3E23635151008B1893 /* Challenge.swift in Sources */ = {isa = PBXBuildFile; fileRef = 8042DE3823635151008B1893 /* Challenge.swift */; };
		8042DE4323635163008B1893 /* Addition.swift in Sources */ = {isa = PBXBuildFile; fileRef = 8042DE4023635163008B1893 /* Addition.swift */; };
		8042DE4423635163008B1893 /* MathChallengeGenerator.swift in Sources */ = {isa = PBXBuildFile; fileRef = 8042DE4123635163008B1893 /* MathChallengeGenerator.swift */; };
		8042DE4523635163008B1893 /* SPHAIR.swift in Sources */ = {isa = PBXBuildFile; fileRef = 8042DE4223635163008B1893 /* SPHAIR.swift */; };
		8B66A7EA9D5EABC3A41772ED /* Pods_Math_ChallengeTests.framework in Frameworks */ = {isa = PBXBuildFile; fileRef = 1C24A697240B52CCCFFA4C1F /* Pods_Math_ChallengeTests.framework */; };
		A93CE40CDA0D1EAFD76E5192 /* Pods_Math_Challenge_Math_ChallengeUITests.framework in Frameworks */ = {isa = PBXBuildFile; fileRef = F909BD5FA872845DCD5A81FF /* Pods_Math_Challenge_Math_ChallengeUITests.framework */; };
		C9C7E2149F3D9605423F5A76 /* Pods_Math_Challenge.framework in Frameworks */ = {isa = PBXBuildFile; fileRef = C0E8DD3E723C6F2B894EA346 /* Pods_Math_Challenge.framework */; };
/* End PBXBuildFile section */

/* Begin PBXContainerItemProxy section */
		8042DE16236350EE008B1893 /* PBXContainerItemProxy */ = {
			isa = PBXContainerItemProxy;
			containerPortal = 8042DDF5236350ED008B1893 /* Project object */;
			proxyType = 1;
			remoteGlobalIDString = 8042DDFC236350ED008B1893;
			remoteInfo = "Math Challenge";
		};
		8042DE21236350EE008B1893 /* PBXContainerItemProxy */ = {
			isa = PBXContainerItemProxy;
			containerPortal = 8042DDF5236350ED008B1893 /* Project object */;
			proxyType = 1;
			remoteGlobalIDString = 8042DDFC236350ED008B1893;
			remoteInfo = "Math Challenge";
		};
/* End PBXContainerItemProxy section */

/* Begin PBXFileReference section */
		1C24A697240B52CCCFFA4C1F /* Pods_Math_ChallengeTests.framework */ = {isa = PBXFileReference; explicitFileType = wrapper.framework; includeInIndex = 0; path = Pods_Math_ChallengeTests.framework; sourceTree = BUILT_PRODUCTS_DIR; };
		628B71032E9B3557911337E6 /* MathChallengeUITile.swift */ = {isa = PBXFileReference; fileEncoding = 4; lastKnownFileType = sourcecode.swift; path = MathChallengeUITile.swift; sourceTree = "<group>"; };
		628B715EDE5998363FF59604 /* .editorconfig */ = {isa = PBXFileReference; lastKnownFileType = file.editorrc; path = .editorconfig; sourceTree = "<group>"; };
		628B718372861E8829E97CC7 /* AdditionCategory.swift */ = {isa = PBXFileReference; fileEncoding = 4; lastKnownFileType = sourcecode.swift; path = AdditionCategory.swift; sourceTree = "<group>"; };
		628B71CA98DE2A7D38C76346 /* CategoryCollectionViewCell.xib */ = {isa = PBXFileReference; lastKnownFileType = file.xib; path = CategoryCollectionViewCell.xib; sourceTree = "<group>"; };
		628B74406100822ED5432C8F /* IndexPath+section.swift */ = {isa = PBXFileReference; fileEncoding = 4; lastKnownFileType = sourcecode.swift; path = "IndexPath+section.swift"; sourceTree = "<group>"; };
		628B746C5EBC06577C28BD09 /* MathChallengeCategory.swift */ = {isa = PBXFileReference; fileEncoding = 4; lastKnownFileType = sourcecode.swift; path = MathChallengeCategory.swift; sourceTree = "<group>"; };
		628B758FE04B0B237A08CE04 /* Division.swift */ = {isa = PBXFileReference; fileEncoding = 4; lastKnownFileType = sourcecode.swift; path = Division.swift; sourceTree = "<group>"; };
		628B75B720296FD733E2D574 /* Subtraction.swift */ = {isa = PBXFileReference; fileEncoding = 4; lastKnownFileType = sourcecode.swift; path = Subtraction.swift; sourceTree = "<group>"; };
		628B786C96681CF04CB40F21 /* CategoryCollectionViewCell.swift */ = {isa = PBXFileReference; fileEncoding = 4; lastKnownFileType = sourcecode.swift; path = CategoryCollectionViewCell.swift; sourceTree = "<group>"; };
		628B78A2DAF6AA863A31D36F /* Multiplication.swift */ = {isa = PBXFileReference; fileEncoding = 4; lastKnownFileType = sourcecode.swift; path = Multiplication.swift; sourceTree = "<group>"; };
		628B791B2F97A6543B65BEB5 /* MultiplicationCategory.swift */ = {isa = PBXFileReference; fileEncoding = 4; lastKnownFileType = sourcecode.swift; path = MultiplicationCategory.swift; sourceTree = "<group>"; };
		628B7A34EA707AE08B11051E /* SPHAIRCategory.swift */ = {isa = PBXFileReference; fileEncoding = 4; lastKnownFileType = sourcecode.swift; path = SPHAIRCategory.swift; sourceTree = "<group>"; };
		628B7B27887CE8E0E7697315 /* Squares.swift */ = {isa = PBXFileReference; fileEncoding = 4; lastKnownFileType = sourcecode.swift; path = Squares.swift; sourceTree = "<group>"; };
		628B7DAA309D48831C25427C /* DivisionCategory.swift */ = {isa = PBXFileReference; fileEncoding = 4; lastKnownFileType = sourcecode.swift; path = DivisionCategory.swift; sourceTree = "<group>"; };
		628B7E0386EC2C614E0135CB /* SquaresCategory.swift */ = {isa = PBXFileReference; fileEncoding = 4; lastKnownFileType = sourcecode.swift; path = SquaresCategory.swift; sourceTree = "<group>"; };
		628B7E699E3A4E0044CA7594 /* SubtractionCategory.swift */ = {isa = PBXFileReference; fileEncoding = 4; lastKnownFileType = sourcecode.swift; path = SubtractionCategory.swift; sourceTree = "<group>"; };
		628B7FF2153B9B334CC4BAD6 /* CategoryCollectionViewController.swift */ = {isa = PBXFileReference; fileEncoding = 4; lastKnownFileType = sourcecode.swift; path = CategoryCollectionViewController.swift; sourceTree = "<group>"; };
		62BB3F962A16257DD8828BEC /* Pods-Math Challenge.debug.xcconfig */ = {isa = PBXFileReference; includeInIndex = 1; lastKnownFileType = text.xcconfig; name = "Pods-Math Challenge.debug.xcconfig"; path = "Target Support Files/Pods-Math Challenge/Pods-Math Challenge.debug.xcconfig"; sourceTree = "<group>"; };
		8034B2712363520F00A282CD /* Assets.xcassets */ = {isa = PBXFileReference; lastKnownFileType = folder.assetcatalog; path = Assets.xcassets; sourceTree = "<group>"; };
		8042DDFD236350ED008B1893 /* Math Challenge.app */ = {isa = PBXFileReference; explicitFileType = wrapper.application; includeInIndex = 0; path = "Math Challenge.app"; sourceTree = BUILT_PRODUCTS_DIR; };
		8042DE09236350ED008B1893 /* Base */ = {isa = PBXFileReference; lastKnownFileType = file.storyboard; name = Base; path = Base.lproj/Main.storyboard; sourceTree = "<group>"; };
		8042DE0E236350EE008B1893 /* Base */ = {isa = PBXFileReference; lastKnownFileType = file.storyboard; name = Base; path = Base.lproj/LaunchScreen.storyboard; sourceTree = "<group>"; };
		8042DE10236350EE008B1893 /* Info.plist */ = {isa = PBXFileReference; lastKnownFileType = text.plist.xml; path = Info.plist; sourceTree = "<group>"; };
		8042DE15236350EE008B1893 /* Math ChallengeTests.xctest */ = {isa = PBXFileReference; explicitFileType = wrapper.cfbundle; includeInIndex = 0; path = "Math ChallengeTests.xctest"; sourceTree = BUILT_PRODUCTS_DIR; };
		8042DE19236350EE008B1893 /* Math_ChallengeTests.swift */ = {isa = PBXFileReference; lastKnownFileType = sourcecode.swift; path = Math_ChallengeTests.swift; sourceTree = "<group>"; };
		8042DE1B236350EE008B1893 /* Info.plist */ = {isa = PBXFileReference; lastKnownFileType = text.plist.xml; path = Info.plist; sourceTree = "<group>"; };
		8042DE20236350EE008B1893 /* Math ChallengeUITests.xctest */ = {isa = PBXFileReference; explicitFileType = wrapper.cfbundle; includeInIndex = 0; path = "Math ChallengeUITests.xctest"; sourceTree = BUILT_PRODUCTS_DIR; };
		8042DE24236350EE008B1893 /* Math_ChallengeUITests.swift */ = {isa = PBXFileReference; lastKnownFileType = sourcecode.swift; path = Math_ChallengeUITests.swift; sourceTree = "<group>"; };
		8042DE26236350EE008B1893 /* Info.plist */ = {isa = PBXFileReference; lastKnownFileType = text.plist.xml; path = Info.plist; sourceTree = "<group>"; };
		8042DE3223635150008B1893 /* Math Challenge-Bridging-Header.h */ = {isa = PBXFileReference; lastKnownFileType = sourcecode.c.h; path = "Math Challenge-Bridging-Header.h"; sourceTree = "<group>"; };
		8042DE3323635151008B1893 /* CategoryDetailViewController.swift */ = {isa = PBXFileReference; fileEncoding = 4; lastKnownFileType = sourcecode.swift; path = CategoryDetailViewController.swift; sourceTree = "<group>"; };
		8042DE3423635151008B1893 /* DetailViewController.swift */ = {isa = PBXFileReference; fileEncoding = 4; lastKnownFileType = sourcecode.swift; path = DetailViewController.swift; sourceTree = "<group>"; };
		8042DE3523635151008B1893 /* AppDelegate.swift */ = {isa = PBXFileReference; fileEncoding = 4; lastKnownFileType = sourcecode.swift; path = AppDelegate.swift; sourceTree = "<group>"; };
		8042DE3623635151008B1893 /* MathChallengeCategoriesRegistry.swift */ = {isa = PBXFileReference; fileEncoding = 4; lastKnownFileType = sourcecode.swift; path = MathChallengeCategoriesRegistry.swift; sourceTree = "<group>"; };
		8042DE3723635151008B1893 /* SceneDelegate.swift */ = {isa = PBXFileReference; fileEncoding = 4; lastKnownFileType = sourcecode.swift; path = SceneDelegate.swift; sourceTree = "<group>"; };
		8042DE3823635151008B1893 /* Challenge.swift */ = {isa = PBXFileReference; fileEncoding = 4; lastKnownFileType = sourcecode.swift; path = Challenge.swift; sourceTree = "<group>"; };
		8042DE4023635163008B1893 /* Addition.swift */ = {isa = PBXFileReference; fileEncoding = 4; lastKnownFileType = sourcecode.swift; path = Addition.swift; sourceTree = "<group>"; };
		8042DE4123635163008B1893 /* MathChallengeGenerator.swift */ = {isa = PBXFileReference; fileEncoding = 4; lastKnownFileType = sourcecode.swift; path = MathChallengeGenerator.swift; sourceTree = "<group>"; };
		8042DE4223635163008B1893 /* SPHAIR.swift */ = {isa = PBXFileReference; fileEncoding = 4; lastKnownFileType = sourcecode.swift; path = SPHAIR.swift; sourceTree = "<group>"; };
		A9CE19E58062841DB23EA8AD /* Pods-Math ChallengeTests.release.xcconfig */ = {isa = PBXFileReference; includeInIndex = 1; lastKnownFileType = text.xcconfig; name = "Pods-Math ChallengeTests.release.xcconfig"; path = "Target Support Files/Pods-Math ChallengeTests/Pods-Math ChallengeTests.release.xcconfig"; sourceTree = "<group>"; };
		B005E432DA92264B3EF969A3 /* Pods-Math Challenge.release.xcconfig */ = {isa = PBXFileReference; includeInIndex = 1; lastKnownFileType = text.xcconfig; name = "Pods-Math Challenge.release.xcconfig"; path = "Target Support Files/Pods-Math Challenge/Pods-Math Challenge.release.xcconfig"; sourceTree = "<group>"; };
		BB34CC89C7A791281E56D17E /* Pods-Math Challenge-Math ChallengeUITests.debug.xcconfig */ = {isa = PBXFileReference; includeInIndex = 1; lastKnownFileType = text.xcconfig; name = "Pods-Math Challenge-Math ChallengeUITests.debug.xcconfig"; path = "Target Support Files/Pods-Math Challenge-Math ChallengeUITests/Pods-Math Challenge-Math ChallengeUITests.debug.xcconfig"; sourceTree = "<group>"; };
		C0E8DD3E723C6F2B894EA346 /* Pods_Math_Challenge.framework */ = {isa = PBXFileReference; explicitFileType = wrapper.framework; includeInIndex = 0; path = Pods_Math_Challenge.framework; sourceTree = BUILT_PRODUCTS_DIR; };
		DB15FDB4FAC983F9A34AA0F5 /* Pods-Math ChallengeTests.debug.xcconfig */ = {isa = PBXFileReference; includeInIndex = 1; lastKnownFileType = text.xcconfig; name = "Pods-Math ChallengeTests.debug.xcconfig"; path = "Target Support Files/Pods-Math ChallengeTests/Pods-Math ChallengeTests.debug.xcconfig"; sourceTree = "<group>"; };
		E7867F1FB7C923AA58F600CE /* Pods-Math Challenge-Math ChallengeUITests.release.xcconfig */ = {isa = PBXFileReference; includeInIndex = 1; lastKnownFileType = text.xcconfig; name = "Pods-Math Challenge-Math ChallengeUITests.release.xcconfig"; path = "Target Support Files/Pods-Math Challenge-Math ChallengeUITests/Pods-Math Challenge-Math ChallengeUITests.release.xcconfig"; sourceTree = "<group>"; };
		F909BD5FA872845DCD5A81FF /* Pods_Math_Challenge_Math_ChallengeUITests.framework */ = {isa = PBXFileReference; explicitFileType = wrapper.framework; includeInIndex = 0; path = Pods_Math_Challenge_Math_ChallengeUITests.framework; sourceTree = BUILT_PRODUCTS_DIR; };
/* End PBXFileReference section */

/* Begin PBXFrameworksBuildPhase section */
		8042DDFA236350ED008B1893 /* Frameworks */ = {
			isa = PBXFrameworksBuildPhase;
			buildActionMask = 2147483647;
			files = (
				C9C7E2149F3D9605423F5A76 /* Pods_Math_Challenge.framework in Frameworks */,
			);
			runOnlyForDeploymentPostprocessing = 0;
		};
		8042DE12236350EE008B1893 /* Frameworks */ = {
			isa = PBXFrameworksBuildPhase;
			buildActionMask = 2147483647;
			files = (
				8B66A7EA9D5EABC3A41772ED /* Pods_Math_ChallengeTests.framework in Frameworks */,
			);
			runOnlyForDeploymentPostprocessing = 0;
		};
		8042DE1D236350EE008B1893 /* Frameworks */ = {
			isa = PBXFrameworksBuildPhase;
			buildActionMask = 2147483647;
			files = (
				A93CE40CDA0D1EAFD76E5192 /* Pods_Math_Challenge_Math_ChallengeUITests.framework in Frameworks */,
			);
			runOnlyForDeploymentPostprocessing = 0;
		};
/* End PBXFrameworksBuildPhase section */

/* Begin PBXGroup section */
		19A61AAF2E5923B2CD42FBF6 /* Pods */ = {
			isa = PBXGroup;
			children = (
				62BB3F962A16257DD8828BEC /* Pods-Math Challenge.debug.xcconfig */,
				B005E432DA92264B3EF969A3 /* Pods-Math Challenge.release.xcconfig */,
				BB34CC89C7A791281E56D17E /* Pods-Math Challenge-Math ChallengeUITests.debug.xcconfig */,
				E7867F1FB7C923AA58F600CE /* Pods-Math Challenge-Math ChallengeUITests.release.xcconfig */,
				DB15FDB4FAC983F9A34AA0F5 /* Pods-Math ChallengeTests.debug.xcconfig */,
				A9CE19E58062841DB23EA8AD /* Pods-Math ChallengeTests.release.xcconfig */,
			);
			path = Pods;
			sourceTree = "<group>";
		};
		628B72714A021AB7F6E6B953 /* CategoryCollectionViewController */ = {
			isa = PBXGroup;
			children = (
				628B786C96681CF04CB40F21 /* CategoryCollectionViewCell.swift */,
				628B71CA98DE2A7D38C76346 /* CategoryCollectionViewCell.xib */,
				628B7FF2153B9B334CC4BAD6 /* CategoryCollectionViewController.swift */,
			);
			path = CategoryCollectionViewController;
			sourceTree = "<group>";
		};
		7BB7B16B49CC6E0AB2478C1A /* Frameworks */ = {
			isa = PBXGroup;
			children = (
				C0E8DD3E723C6F2B894EA346 /* Pods_Math_Challenge.framework */,
				F909BD5FA872845DCD5A81FF /* Pods_Math_Challenge_Math_ChallengeUITests.framework */,
				1C24A697240B52CCCFFA4C1F /* Pods_Math_ChallengeTests.framework */,
			);
			name = Frameworks;
			sourceTree = "<group>";
		};
		8042DDF4236350ED008B1893 = {
			isa = PBXGroup;
			children = (
				8042DDFF236350ED008B1893 /* Math Challenge */,
				8042DE18236350EE008B1893 /* Math ChallengeTests */,
				8042DE23236350EE008B1893 /* Math ChallengeUITests */,
				8042DDFE236350ED008B1893 /* Products */,
				19A61AAF2E5923B2CD42FBF6 /* Pods */,
				7BB7B16B49CC6E0AB2478C1A /* Frameworks */,
				628B715EDE5998363FF59604 /* .editorconfig */,
			);
			sourceTree = "<group>";
		};
		8042DDFE236350ED008B1893 /* Products */ = {
			isa = PBXGroup;
			children = (
				8042DDFD236350ED008B1893 /* Math Challenge.app */,
				8042DE15236350EE008B1893 /* Math ChallengeTests.xctest */,
				8042DE20236350EE008B1893 /* Math ChallengeUITests.xctest */,
			);
			name = Products;
			sourceTree = "<group>";
		};
		8042DDFF236350ED008B1893 /* Math Challenge */ = {
			isa = PBXGroup;
			children = (
				80D98A5C23678B9200C04C49 /* categories */,
				8042DE3F23635157008B1893 /* challenges */,
				8042DE3523635151008B1893 /* AppDelegate.swift */,
				8042DE3823635151008B1893 /* Challenge.swift */,
				8042DE3423635151008B1893 /* DetailViewController.swift */,
				8042DE3323635151008B1893 /* CategoryDetailViewController.swift */,
				8042DE3623635151008B1893 /* MathChallengeCategoriesRegistry.swift */,
				8034B2712363520F00A282CD /* Assets.xcassets */,
				8042DE3723635151008B1893 /* SceneDelegate.swift */,
				8042DE08236350ED008B1893 /* Main.storyboard */,
				8042DE0D236350EE008B1893 /* LaunchScreen.storyboard */,
				8042DE10236350EE008B1893 /* Info.plist */,
				8042DE3223635150008B1893 /* Math Challenge-Bridging-Header.h */,
				628B74406100822ED5432C8F /* IndexPath+section.swift */,
				628B72714A021AB7F6E6B953 /* CategoryCollectionViewController */,
			);
			path = "Math Challenge";
			sourceTree = "<group>";
		};
		8042DE18236350EE008B1893 /* Math ChallengeTests */ = {
			isa = PBXGroup;
			children = (
				8042DE19236350EE008B1893 /* Math_ChallengeTests.swift */,
				8042DE1B236350EE008B1893 /* Info.plist */,
			);
			path = "Math ChallengeTests";
			sourceTree = "<group>";
		};
		8042DE23236350EE008B1893 /* Math ChallengeUITests */ = {
			isa = PBXGroup;
			children = (
				8042DE24236350EE008B1893 /* Math_ChallengeUITests.swift */,
				8042DE26236350EE008B1893 /* Info.plist */,
			);
			path = "Math ChallengeUITests";
			sourceTree = "<group>";
		};
		8042DE3F23635157008B1893 /* challenges */ = {
			isa = PBXGroup;
			children = (
				8042DE4023635163008B1893 /* Addition.swift */,
				8042DE4123635163008B1893 /* MathChallengeGenerator.swift */,
				8042DE4223635163008B1893 /* SPHAIR.swift */,
				628B758FE04B0B237A08CE04 /* Division.swift */,
				628B78A2DAF6AA863A31D36F /* Multiplication.swift */,
				628B7B27887CE8E0E7697315 /* Squares.swift */,
				628B75B720296FD733E2D574 /* Subtraction.swift */,
			);
			path = challenges;
			sourceTree = "<group>";
		};
		80D98A5C23678B9200C04C49 /* categories */ = {
			isa = PBXGroup;
			children = (
				628B746C5EBC06577C28BD09 /* MathChallengeCategory.swift */,
				628B7A34EA707AE08B11051E /* SPHAIRCategory.swift */,
				628B7DAA309D48831C25427C /* DivisionCategory.swift */,
				628B791B2F97A6543B65BEB5 /* MultiplicationCategory.swift */,
				628B7E0386EC2C614E0135CB /* SquaresCategory.swift */,
				628B718372861E8829E97CC7 /* AdditionCategory.swift */,
				628B7E699E3A4E0044CA7594 /* SubtractionCategory.swift */,
				628B71032E9B3557911337E6 /* MathChallengeUITile.swift */,
			);
			path = categories;
			sourceTree = "<group>";
		};
/* End PBXGroup section */

/* Begin PBXNativeTarget section */
		8042DDFC236350ED008B1893 /* Math Challenge */ = {
			isa = PBXNativeTarget;
			buildConfigurationList = 8042DE29236350EE008B1893 /* Build configuration list for PBXNativeTarget "Math Challenge" */;
			buildPhases = (
				71AEA325F83C7A9971EE50B5 /* [CP] Check Pods Manifest.lock */,
				8042DDF9236350ED008B1893 /* Sources */,
				8042DDFA236350ED008B1893 /* Frameworks */,
				8042DDFB236350ED008B1893 /* Resources */,
				C3663F81654DE233CBF9FC8B /* [CP] Embed Pods Frameworks */,
			);
			buildRules = (
			);
			dependencies = (
			);
			name = "Math Challenge";
			productName = "Math Challenge";
			productReference = 8042DDFD236350ED008B1893 /* Math Challenge.app */;
			productType = "com.apple.product-type.application";
		};
		8042DE14236350EE008B1893 /* Math ChallengeTests */ = {
			isa = PBXNativeTarget;
			buildConfigurationList = 8042DE2C236350EE008B1893 /* Build configuration list for PBXNativeTarget "Math ChallengeTests" */;
			buildPhases = (
				D058C729E168555A8F3FE00E /* [CP] Check Pods Manifest.lock */,
				8042DE11236350EE008B1893 /* Sources */,
				8042DE12236350EE008B1893 /* Frameworks */,
				8042DE13236350EE008B1893 /* Resources */,
			);
			buildRules = (
			);
			dependencies = (
				8042DE17236350EE008B1893 /* PBXTargetDependency */,
			);
			name = "Math ChallengeTests";
			productName = "Math ChallengeTests";
			productReference = 8042DE15236350EE008B1893 /* Math ChallengeTests.xctest */;
			productType = "com.apple.product-type.bundle.unit-test";
		};
		8042DE1F236350EE008B1893 /* Math ChallengeUITests */ = {
			isa = PBXNativeTarget;
			buildConfigurationList = 8042DE2F236350EE008B1893 /* Build configuration list for PBXNativeTarget "Math ChallengeUITests" */;
			buildPhases = (
				B4A8D25E6D831AD3EC1856BB /* [CP] Check Pods Manifest.lock */,
				8042DE1C236350EE008B1893 /* Sources */,
				8042DE1D236350EE008B1893 /* Frameworks */,
				8042DE1E236350EE008B1893 /* Resources */,
				BCF393EAD953859F6B598899 /* [CP] Embed Pods Frameworks */,
			);
			buildRules = (
			);
			dependencies = (
				8042DE22236350EE008B1893 /* PBXTargetDependency */,
			);
			name = "Math ChallengeUITests";
			productName = "Math ChallengeUITests";
			productReference = 8042DE20236350EE008B1893 /* Math ChallengeUITests.xctest */;
			productType = "com.apple.product-type.bundle.ui-testing";
		};
/* End PBXNativeTarget section */

/* Begin PBXProject section */
		8042DDF5236350ED008B1893 /* Project object */ = {
			isa = PBXProject;
			attributes = {
				LastSwiftUpdateCheck = 1110;
				LastUpgradeCheck = 1110;
				ORGANIZATIONNAME = "Lukas Bischof";
				TargetAttributes = {
					8042DDFC236350ED008B1893 = {
						CreatedOnToolsVersion = 11.1;
						LastSwiftMigration = 1110;
					};
					8042DE14236350EE008B1893 = {
						CreatedOnToolsVersion = 11.1;
						TestTargetID = 8042DDFC236350ED008B1893;
					};
					8042DE1F236350EE008B1893 = {
						CreatedOnToolsVersion = 11.1;
						TestTargetID = 8042DDFC236350ED008B1893;
					};
				};
			};
			buildConfigurationList = 8042DDF8236350ED008B1893 /* Build configuration list for PBXProject "Math Challenge" */;
			compatibilityVersion = "Xcode 9.3";
			developmentRegion = en;
			hasScannedForEncodings = 0;
			knownRegions = (
				en,
				Base,
			);
			mainGroup = 8042DDF4236350ED008B1893;
			productRefGroup = 8042DDFE236350ED008B1893 /* Products */;
			projectDirPath = "";
			projectRoot = "";
			targets = (
				8042DDFC236350ED008B1893 /* Math Challenge */,
				8042DE14236350EE008B1893 /* Math ChallengeTests */,
				8042DE1F236350EE008B1893 /* Math ChallengeUITests */,
			);
		};
/* End PBXProject section */

/* Begin PBXResourcesBuildPhase section */
		8042DDFB236350ED008B1893 /* Resources */ = {
			isa = PBXResourcesBuildPhase;
			buildActionMask = 2147483647;
			files = (
				8042DE0F236350EE008B1893 /* LaunchScreen.storyboard in Resources */,
				8034B2722363520F00A282CD /* Assets.xcassets in Resources */,
				8042DE0A236350ED008B1893 /* Main.storyboard in Resources */,
				628B755953F2CFC346D132CB /* .editorconfig in Resources */,
				628B72C5FD357501157B0C16 /* CategoryCollectionViewCell.xib in Resources */,
			);
			runOnlyForDeploymentPostprocessing = 0;
		};
		8042DE13236350EE008B1893 /* Resources */ = {
			isa = PBXResourcesBuildPhase;
			buildActionMask = 2147483647;
			files = (
			);
			runOnlyForDeploymentPostprocessing = 0;
		};
		8042DE1E236350EE008B1893 /* Resources */ = {
			isa = PBXResourcesBuildPhase;
			buildActionMask = 2147483647;
			files = (
			);
			runOnlyForDeploymentPostprocessing = 0;
		};
/* End PBXResourcesBuildPhase section */

/* Begin PBXShellScriptBuildPhase section */
		71AEA325F83C7A9971EE50B5 /* [CP] Check Pods Manifest.lock */ = {
			isa = PBXShellScriptBuildPhase;
			buildActionMask = 2147483647;
			files = (
			);
			inputFileListPaths = (
			);
			inputPaths = (
				"${PODS_PODFILE_DIR_PATH}/Podfile.lock",
				"${PODS_ROOT}/Manifest.lock",
			);
			name = "[CP] Check Pods Manifest.lock";
			outputFileListPaths = (
			);
			outputPaths = (
				"$(DERIVED_FILE_DIR)/Pods-Math Challenge-checkManifestLockResult.txt",
			);
			runOnlyForDeploymentPostprocessing = 0;
			shellPath = /bin/sh;
			shellScript = "diff \"${PODS_PODFILE_DIR_PATH}/Podfile.lock\" \"${PODS_ROOT}/Manifest.lock\" > /dev/null\nif [ $? != 0 ] ; then\n    # print error to STDERR\n    echo \"error: The sandbox is not in sync with the Podfile.lock. Run 'pod install' or update your CocoaPods installation.\" >&2\n    exit 1\nfi\n# This output is used by Xcode 'outputs' to avoid re-running this script phase.\necho \"SUCCESS\" > \"${SCRIPT_OUTPUT_FILE_0}\"\n";
			showEnvVarsInLog = 0;
		};
		B4A8D25E6D831AD3EC1856BB /* [CP] Check Pods Manifest.lock */ = {
			isa = PBXShellScriptBuildPhase;
			buildActionMask = 2147483647;
			files = (
			);
			inputFileListPaths = (
			);
			inputPaths = (
				"${PODS_PODFILE_DIR_PATH}/Podfile.lock",
				"${PODS_ROOT}/Manifest.lock",
			);
			name = "[CP] Check Pods Manifest.lock";
			outputFileListPaths = (
			);
			outputPaths = (
				"$(DERIVED_FILE_DIR)/Pods-Math Challenge-Math ChallengeUITests-checkManifestLockResult.txt",
			);
			runOnlyForDeploymentPostprocessing = 0;
			shellPath = /bin/sh;
			shellScript = "diff \"${PODS_PODFILE_DIR_PATH}/Podfile.lock\" \"${PODS_ROOT}/Manifest.lock\" > /dev/null\nif [ $? != 0 ] ; then\n    # print error to STDERR\n    echo \"error: The sandbox is not in sync with the Podfile.lock. Run 'pod install' or update your CocoaPods installation.\" >&2\n    exit 1\nfi\n# This output is used by Xcode 'outputs' to avoid re-running this script phase.\necho \"SUCCESS\" > \"${SCRIPT_OUTPUT_FILE_0}\"\n";
			showEnvVarsInLog = 0;
		};
		BCF393EAD953859F6B598899 /* [CP] Embed Pods Frameworks */ = {
			isa = PBXShellScriptBuildPhase;
			buildActionMask = 2147483647;
			files = (
			);
			inputFileListPaths = (
				"${PODS_ROOT}/Target Support Files/Pods-Math Challenge-Math ChallengeUITests/Pods-Math Challenge-Math ChallengeUITests-frameworks-${CONFIGURATION}-input-files.xcfilelist",
			);
			name = "[CP] Embed Pods Frameworks";
			outputFileListPaths = (
				"${PODS_ROOT}/Target Support Files/Pods-Math Challenge-Math ChallengeUITests/Pods-Math Challenge-Math ChallengeUITests-frameworks-${CONFIGURATION}-output-files.xcfilelist",
			);
			runOnlyForDeploymentPostprocessing = 0;
			shellPath = /bin/sh;
			shellScript = "\"${PODS_ROOT}/Target Support Files/Pods-Math Challenge-Math ChallengeUITests/Pods-Math Challenge-Math ChallengeUITests-frameworks.sh\"\n";
			showEnvVarsInLog = 0;
		};
		C3663F81654DE233CBF9FC8B /* [CP] Embed Pods Frameworks */ = {
			isa = PBXShellScriptBuildPhase;
			buildActionMask = 2147483647;
			files = (
			);
			inputFileListPaths = (
				"${PODS_ROOT}/Target Support Files/Pods-Math Challenge/Pods-Math Challenge-frameworks-${CONFIGURATION}-input-files.xcfilelist",
			);
			name = "[CP] Embed Pods Frameworks";
			outputFileListPaths = (
				"${PODS_ROOT}/Target Support Files/Pods-Math Challenge/Pods-Math Challenge-frameworks-${CONFIGURATION}-output-files.xcfilelist",
			);
			runOnlyForDeploymentPostprocessing = 0;
			shellPath = /bin/sh;
			shellScript = "\"${PODS_ROOT}/Target Support Files/Pods-Math Challenge/Pods-Math Challenge-frameworks.sh\"\n";
			showEnvVarsInLog = 0;
		};
		D058C729E168555A8F3FE00E /* [CP] Check Pods Manifest.lock */ = {
			isa = PBXShellScriptBuildPhase;
			buildActionMask = 2147483647;
			files = (
			);
			inputFileListPaths = (
			);
			inputPaths = (
				"${PODS_PODFILE_DIR_PATH}/Podfile.lock",
				"${PODS_ROOT}/Manifest.lock",
			);
			name = "[CP] Check Pods Manifest.lock";
			outputFileListPaths = (
			);
			outputPaths = (
				"$(DERIVED_FILE_DIR)/Pods-Math ChallengeTests-checkManifestLockResult.txt",
			);
			runOnlyForDeploymentPostprocessing = 0;
			shellPath = /bin/sh;
			shellScript = "diff \"${PODS_PODFILE_DIR_PATH}/Podfile.lock\" \"${PODS_ROOT}/Manifest.lock\" > /dev/null\nif [ $? != 0 ] ; then\n    # print error to STDERR\n    echo \"error: The sandbox is not in sync with the Podfile.lock. Run 'pod install' or update your CocoaPods installation.\" >&2\n    exit 1\nfi\n# This output is used by Xcode 'outputs' to avoid re-running this script phase.\necho \"SUCCESS\" > \"${SCRIPT_OUTPUT_FILE_0}\"\n";
			showEnvVarsInLog = 0;
		};
/* End PBXShellScriptBuildPhase section */

/* Begin PBXSourcesBuildPhase section */
		8042DDF9236350ED008B1893 /* Sources */ = {
			isa = PBXSourcesBuildPhase;
			buildActionMask = 2147483647;
			files = (
				8042DE3D23635151008B1893 /* SceneDelegate.swift in Sources */,
				8042DE4423635163008B1893 /* MathChallengeGenerator.swift in Sources */,
				8042DE3E23635151008B1893 /* Challenge.swift in Sources */,
				8042DE3C23635151008B1893 /* MathChallengeCategoriesRegistry.swift in Sources */,
				8042DE4323635163008B1893 /* Addition.swift in Sources */,
				8042DE3B23635151008B1893 /* AppDelegate.swift in Sources */,
				8042DE3923635151008B1893 /* CategoryDetailViewController.swift in Sources */,
				8042DE4523635163008B1893 /* SPHAIR.swift in Sources */,
				8042DE3A23635151008B1893 /* DetailViewController.swift in Sources */,
				628B79D8C849585571436F8F /* Division.swift in Sources */,
				628B7684D275C526D7EC3E3D /* Multiplication.swift in Sources */,
				628B7A432596C16056983967 /* Squares.swift in Sources */,
				628B7E999EBF436CF7E14D83 /* Subtraction.swift in Sources */,
				628B74310B57EDB57F1BEA5C /* MathChallengeCategory.swift in Sources */,
				628B7E7542A04DC2A97F34E7 /* SPHAIRCategory.swift in Sources */,
				628B7289D71985BE08E584F8 /* DivisionCategory.swift in Sources */,
				628B722EC73EFE1A29D44EA9 /* MultiplicationCategory.swift in Sources */,
				628B787DFCB381A2E641297E /* SquaresCategory.swift in Sources */,
				628B7BA76CB2D73326B7BEE9 /* AdditionCategory.swift in Sources */,
				628B7EF2B7D168A80D672A54 /* SubtractionCategory.swift in Sources */,
				628B7E656064AAA81A881837 /* IndexPath+section.swift in Sources */,
				628B779C4F37C7E02B88BD46 /* MathChallengeUITile.swift in Sources */,
				628B7DA644C529E700C5DD66 /* CategoryCollectionViewCell.swift in Sources */,
				628B7C27DDF71C525EC14D80 /* CategoryCollectionViewController.swift in Sources */,
			);
			runOnlyForDeploymentPostprocessing = 0;
		};
		8042DE11236350EE008B1893 /* Sources */ = {
			isa = PBXSourcesBuildPhase;
			buildActionMask = 2147483647;
			files = (
				8042DE1A236350EE008B1893 /* Math_ChallengeTests.swift in Sources */,
			);
			runOnlyForDeploymentPostprocessing = 0;
		};
		8042DE1C236350EE008B1893 /* Sources */ = {
			isa = PBXSourcesBuildPhase;
			buildActionMask = 2147483647;
			files = (
				8042DE25236350EE008B1893 /* Math_ChallengeUITests.swift in Sources */,
			);
			runOnlyForDeploymentPostprocessing = 0;
		};
/* End PBXSourcesBuildPhase section */

/* Begin PBXTargetDependency section */
		8042DE17236350EE008B1893 /* PBXTargetDependency */ = {
			isa = PBXTargetDependency;
			target = 8042DDFC236350ED008B1893 /* Math Challenge */;
			targetProxy = 8042DE16236350EE008B1893 /* PBXContainerItemProxy */;
		};
		8042DE22236350EE008B1893 /* PBXTargetDependency */ = {
			isa = PBXTargetDependency;
			target = 8042DDFC236350ED008B1893 /* Math Challenge */;
			targetProxy = 8042DE21236350EE008B1893 /* PBXContainerItemProxy */;
		};
/* End PBXTargetDependency section */

/* Begin PBXVariantGroup section */
		8042DE08236350ED008B1893 /* Main.storyboard */ = {
			isa = PBXVariantGroup;
			children = (
				8042DE09236350ED008B1893 /* Base */,
			);
			name = Main.storyboard;
			sourceTree = "<group>";
		};
		8042DE0D236350EE008B1893 /* LaunchScreen.storyboard */ = {
			isa = PBXVariantGroup;
			children = (
				8042DE0E236350EE008B1893 /* Base */,
			);
			name = LaunchScreen.storyboard;
			sourceTree = "<group>";
		};
/* End PBXVariantGroup section */

/* Begin XCBuildConfiguration section */
		8042DE27236350EE008B1893 /* Debug */ = {
			isa = XCBuildConfiguration;
			buildSettings = {
				ALWAYS_SEARCH_USER_PATHS = NO;
				CLANG_ANALYZER_NONNULL = YES;
				CLANG_ANALYZER_NUMBER_OBJECT_CONVERSION = YES_AGGRESSIVE;
				CLANG_CXX_LANGUAGE_STANDARD = "gnu++14";
				CLANG_CXX_LIBRARY = "libc++";
				CLANG_ENABLE_MODULES = YES;
				CLANG_ENABLE_OBJC_ARC = YES;
				CLANG_ENABLE_OBJC_WEAK = YES;
				CLANG_WARN_BLOCK_CAPTURE_AUTORELEASING = YES;
				CLANG_WARN_BOOL_CONVERSION = YES;
				CLANG_WARN_COMMA = YES;
				CLANG_WARN_CONSTANT_CONVERSION = YES;
				CLANG_WARN_DEPRECATED_OBJC_IMPLEMENTATIONS = YES;
				CLANG_WARN_DIRECT_OBJC_ISA_USAGE = YES_ERROR;
				CLANG_WARN_DOCUMENTATION_COMMENTS = YES;
				CLANG_WARN_EMPTY_BODY = YES;
				CLANG_WARN_ENUM_CONVERSION = YES;
				CLANG_WARN_INFINITE_RECURSION = YES;
				CLANG_WARN_INT_CONVERSION = YES;
				CLANG_WARN_NON_LITERAL_NULL_CONVERSION = YES;
				CLANG_WARN_OBJC_IMPLICIT_RETAIN_SELF = YES;
				CLANG_WARN_OBJC_LITERAL_CONVERSION = YES;
				CLANG_WARN_OBJC_ROOT_CLASS = YES_ERROR;
				CLANG_WARN_RANGE_LOOP_ANALYSIS = YES;
				CLANG_WARN_STRICT_PROTOTYPES = YES;
				CLANG_WARN_SUSPICIOUS_MOVE = YES;
				CLANG_WARN_UNGUARDED_AVAILABILITY = YES_AGGRESSIVE;
				CLANG_WARN_UNREACHABLE_CODE = YES;
				CLANG_WARN__DUPLICATE_METHOD_MATCH = YES;
				COPY_PHASE_STRIP = NO;
				DEBUG_INFORMATION_FORMAT = dwarf;
				ENABLE_STRICT_OBJC_MSGSEND = YES;
				ENABLE_TESTABILITY = YES;
				GCC_C_LANGUAGE_STANDARD = gnu11;
				GCC_DYNAMIC_NO_PIC = NO;
				GCC_NO_COMMON_BLOCKS = YES;
				GCC_OPTIMIZATION_LEVEL = 0;
				GCC_PREPROCESSOR_DEFINITIONS = (
					"DEBUG=1",
					"$(inherited)",
				);
				GCC_WARN_64_TO_32_BIT_CONVERSION = YES;
				GCC_WARN_ABOUT_RETURN_TYPE = YES_ERROR;
				GCC_WARN_UNDECLARED_SELECTOR = YES;
				GCC_WARN_UNINITIALIZED_AUTOS = YES_AGGRESSIVE;
				GCC_WARN_UNUSED_FUNCTION = YES;
				GCC_WARN_UNUSED_VARIABLE = YES;
				IPHONEOS_DEPLOYMENT_TARGET = 13.1;
				MTL_ENABLE_DEBUG_INFO = INCLUDE_SOURCE;
				MTL_FAST_MATH = YES;
				ONLY_ACTIVE_ARCH = YES;
				SDKROOT = iphoneos;
				SWIFT_ACTIVE_COMPILATION_CONDITIONS = DEBUG;
				SWIFT_OPTIMIZATION_LEVEL = "-Onone";
			};
			name = Debug;
		};
		8042DE28236350EE008B1893 /* Release */ = {
			isa = XCBuildConfiguration;
			buildSettings = {
				ALWAYS_SEARCH_USER_PATHS = NO;
				CLANG_ANALYZER_NONNULL = YES;
				CLANG_ANALYZER_NUMBER_OBJECT_CONVERSION = YES_AGGRESSIVE;
				CLANG_CXX_LANGUAGE_STANDARD = "gnu++14";
				CLANG_CXX_LIBRARY = "libc++";
				CLANG_ENABLE_MODULES = YES;
				CLANG_ENABLE_OBJC_ARC = YES;
				CLANG_ENABLE_OBJC_WEAK = YES;
				CLANG_WARN_BLOCK_CAPTURE_AUTORELEASING = YES;
				CLANG_WARN_BOOL_CONVERSION = YES;
				CLANG_WARN_COMMA = YES;
				CLANG_WARN_CONSTANT_CONVERSION = YES;
				CLANG_WARN_DEPRECATED_OBJC_IMPLEMENTATIONS = YES;
				CLANG_WARN_DIRECT_OBJC_ISA_USAGE = YES_ERROR;
				CLANG_WARN_DOCUMENTATION_COMMENTS = YES;
				CLANG_WARN_EMPTY_BODY = YES;
				CLANG_WARN_ENUM_CONVERSION = YES;
				CLANG_WARN_INFINITE_RECURSION = YES;
				CLANG_WARN_INT_CONVERSION = YES;
				CLANG_WARN_NON_LITERAL_NULL_CONVERSION = YES;
				CLANG_WARN_OBJC_IMPLICIT_RETAIN_SELF = YES;
				CLANG_WARN_OBJC_LITERAL_CONVERSION = YES;
				CLANG_WARN_OBJC_ROOT_CLASS = YES_ERROR;
				CLANG_WARN_RANGE_LOOP_ANALYSIS = YES;
				CLANG_WARN_STRICT_PROTOTYPES = YES;
				CLANG_WARN_SUSPICIOUS_MOVE = YES;
				CLANG_WARN_UNGUARDED_AVAILABILITY = YES_AGGRESSIVE;
				CLANG_WARN_UNREACHABLE_CODE = YES;
				CLANG_WARN__DUPLICATE_METHOD_MATCH = YES;
				COPY_PHASE_STRIP = NO;
				DEBUG_INFORMATION_FORMAT = "dwarf-with-dsym";
				ENABLE_NS_ASSERTIONS = NO;
				ENABLE_STRICT_OBJC_MSGSEND = YES;
				GCC_C_LANGUAGE_STANDARD = gnu11;
				GCC_NO_COMMON_BLOCKS = YES;
				GCC_WARN_64_TO_32_BIT_CONVERSION = YES;
				GCC_WARN_ABOUT_RETURN_TYPE = YES_ERROR;
				GCC_WARN_UNDECLARED_SELECTOR = YES;
				GCC_WARN_UNINITIALIZED_AUTOS = YES_AGGRESSIVE;
				GCC_WARN_UNUSED_FUNCTION = YES;
				GCC_WARN_UNUSED_VARIABLE = YES;
				IPHONEOS_DEPLOYMENT_TARGET = 13.1;
				MTL_ENABLE_DEBUG_INFO = NO;
				MTL_FAST_MATH = YES;
				SDKROOT = iphoneos;
				SWIFT_COMPILATION_MODE = wholemodule;
				SWIFT_OPTIMIZATION_LEVEL = "-O";
				VALIDATE_PRODUCT = YES;
			};
			name = Release;
		};
		8042DE2A236350EE008B1893 /* Debug */ = {
			isa = XCBuildConfiguration;
			baseConfigurationReference = 62BB3F962A16257DD8828BEC /* Pods-Math Challenge.debug.xcconfig */;
			buildSettings = {
				ASSETCATALOG_COMPILER_APPICON_NAME = AppIcon;
				CLANG_ENABLE_MODULES = YES;
				CODE_SIGN_STYLE = Automatic;
				DEVELOPMENT_TEAM = N3ZHN63G47;
				INFOPLIST_FILE = "Math Challenge/Info.plist";
				LD_RUNPATH_SEARCH_PATHS = (
					"$(inherited)",
					"@executable_path/Frameworks",
				);
				PRODUCT_BUNDLE_IDENTIFIER = "dev.luk4s.Math-Challenge";
				PRODUCT_NAME = "$(TARGET_NAME)";
				SWIFT_OBJC_BRIDGING_HEADER = "Math Challenge/Math Challenge-Bridging-Header.h";
				SWIFT_OPTIMIZATION_LEVEL = "-Onone";
				SWIFT_VERSION = 5.0;
				TARGETED_DEVICE_FAMILY = "1,2";
			};
			name = Debug;
		};
		8042DE2B236350EE008B1893 /* Release */ = {
			isa = XCBuildConfiguration;
			baseConfigurationReference = B005E432DA92264B3EF969A3 /* Pods-Math Challenge.release.xcconfig */;
			buildSettings = {
				ASSETCATALOG_COMPILER_APPICON_NAME = AppIcon;
				CLANG_ENABLE_MODULES = YES;
				CODE_SIGN_STYLE = Automatic;
				DEVELOPMENT_TEAM = N3ZHN63G47;
				INFOPLIST_FILE = "Math Challenge/Info.plist";
				LD_RUNPATH_SEARCH_PATHS = (
					"$(inherited)",
					"@executable_path/Frameworks",
				);
				PRODUCT_BUNDLE_IDENTIFIER = "dev.luk4s.Math-Challenge";
				PRODUCT_NAME = "$(TARGET_NAME)";
				SWIFT_OBJC_BRIDGING_HEADER = "Math Challenge/Math Challenge-Bridging-Header.h";
				SWIFT_VERSION = 5.0;
				TARGETED_DEVICE_FAMILY = "1,2";
			};
			name = Release;
		};
		8042DE2D236350EE008B1893 /* Debug */ = {
			isa = XCBuildConfiguration;
			baseConfigurationReference = DB15FDB4FAC983F9A34AA0F5 /* Pods-Math ChallengeTests.debug.xcconfig */;
			buildSettings = {
				ALWAYS_EMBED_SWIFT_STANDARD_LIBRARIES = YES;
				BUNDLE_LOADER = "$(TEST_HOST)";
				CODE_SIGN_STYLE = Automatic;
				DEVELOPMENT_TEAM = N3ZHN63G47;
				INFOPLIST_FILE = "Math ChallengeTests/Info.plist";
				IPHONEOS_DEPLOYMENT_TARGET = 13.1;
				LD_RUNPATH_SEARCH_PATHS = (
					"$(inherited)",
					"@executable_path/Frameworks",
					"@loader_path/Frameworks",
				);
				PRODUCT_BUNDLE_IDENTIFIER = "dev.luk4s.Math-ChallengeTests";
				PRODUCT_NAME = "$(TARGET_NAME)";
				SWIFT_VERSION = 5.0;
				TARGETED_DEVICE_FAMILY = "1,2";
				TEST_HOST = "$(BUILT_PRODUCTS_DIR)/Math Challenge.app/Math Challenge";
			};
			name = Debug;
		};
		8042DE2E236350EE008B1893 /* Release */ = {
			isa = XCBuildConfiguration;
			baseConfigurationReference = A9CE19E58062841DB23EA8AD /* Pods-Math ChallengeTests.release.xcconfig */;
			buildSettings = {
				ALWAYS_EMBED_SWIFT_STANDARD_LIBRARIES = YES;
				BUNDLE_LOADER = "$(TEST_HOST)";
				CODE_SIGN_STYLE = Automatic;
				DEVELOPMENT_TEAM = N3ZHN63G47;
				INFOPLIST_FILE = "Math ChallengeTests/Info.plist";
				IPHONEOS_DEPLOYMENT_TARGET = 13.1;
				LD_RUNPATH_SEARCH_PATHS = (
					"$(inherited)",
					"@executable_path/Frameworks",
					"@loader_path/Frameworks",
				);
				PRODUCT_BUNDLE_IDENTIFIER = "dev.luk4s.Math-ChallengeTests";
				PRODUCT_NAME = "$(TARGET_NAME)";
				SWIFT_VERSION = 5.0;
				TARGETED_DEVICE_FAMILY = "1,2";
				TEST_HOST = "$(BUILT_PRODUCTS_DIR)/Math Challenge.app/Math Challenge";
			};
			name = Release;
		};
		8042DE30236350EE008B1893 /* Debug */ = {
			isa = XCBuildConfiguration;
			baseConfigurationReference = BB34CC89C7A791281E56D17E /* Pods-Math Challenge-Math ChallengeUITests.debug.xcconfig */;
			buildSettings = {
				ALWAYS_EMBED_SWIFT_STANDARD_LIBRARIES = YES;
				CODE_SIGN_STYLE = Automatic;
				DEVELOPMENT_TEAM = N3ZHN63G47;
				INFOPLIST_FILE = "Math ChallengeUITests/Info.plist";
				LD_RUNPATH_SEARCH_PATHS = (
					"$(inherited)",
					"@executable_path/Frameworks",
					"@loader_path/Frameworks",
				);
				PRODUCT_BUNDLE_IDENTIFIER = "dev.luk4s.Math-ChallengeUITests";
				PRODUCT_NAME = "$(TARGET_NAME)";
				SWIFT_VERSION = 5.0;
				TARGETED_DEVICE_FAMILY = "1,2";
				TEST_TARGET_NAME = "Math Challenge";
			};
			name = Debug;
		};
		8042DE31236350EE008B1893 /* Release */ = {
			isa = XCBuildConfiguration;
			baseConfigurationReference = E7867F1FB7C923AA58F600CE /* Pods-Math Challenge-Math ChallengeUITests.release.xcconfig */;
			buildSettings = {
				ALWAYS_EMBED_SWIFT_STANDARD_LIBRARIES = YES;
				CODE_SIGN_STYLE = Automatic;
				DEVELOPMENT_TEAM = N3ZHN63G47;
				INFOPLIST_FILE = "Math ChallengeUITests/Info.plist";
				LD_RUNPATH_SEARCH_PATHS = (
					"$(inherited)",
					"@executable_path/Frameworks",
					"@loader_path/Frameworks",
				);
				PRODUCT_BUNDLE_IDENTIFIER = "dev.luk4s.Math-ChallengeUITests";
				PRODUCT_NAME = "$(TARGET_NAME)";
				SWIFT_VERSION = 5.0;
				TARGETED_DEVICE_FAMILY = "1,2";
				TEST_TARGET_NAME = "Math Challenge";
			};
			name = Release;
		};
/* End XCBuildConfiguration section */

/* Begin XCConfigurationList section */
		8042DDF8236350ED008B1893 /* Build configuration list for PBXProject "Math Challenge" */ = {
			isa = XCConfigurationList;
			buildConfigurations = (
				8042DE27236350EE008B1893 /* Debug */,
				8042DE28236350EE008B1893 /* Release */,
			);
			defaultConfigurationIsVisible = 0;
			defaultConfigurationName = Release;
		};
		8042DE29236350EE008B1893 /* Build configuration list for PBXNativeTarget "Math Challenge" */ = {
			isa = XCConfigurationList;
			buildConfigurations = (
				8042DE2A236350EE008B1893 /* Debug */,
				8042DE2B236350EE008B1893 /* Release */,
			);
			defaultConfigurationIsVisible = 0;
			defaultConfigurationName = Release;
		};
		8042DE2C236350EE008B1893 /* Build configuration list for PBXNativeTarget "Math ChallengeTests" */ = {
			isa = XCConfigurationList;
			buildConfigurations = (
				8042DE2D236350EE008B1893 /* Debug */,
				8042DE2E236350EE008B1893 /* Release */,
			);
			defaultConfigurationIsVisible = 0;
			defaultConfigurationName = Release;
		};
		8042DE2F236350EE008B1893 /* Build configuration list for PBXNativeTarget "Math ChallengeUITests" */ = {
			isa = XCConfigurationList;
			buildConfigurations = (
				8042DE30236350EE008B1893 /* Debug */,
				8042DE31236350EE008B1893 /* Release */,
			);
			defaultConfigurationIsVisible = 0;
			defaultConfigurationName = Release;
		};
/* End XCConfigurationList section */
	};
	rootObject = 8042DDF5236350ED008B1893 /* Project object */;
}
